// !$*UTF8*$!
{
	archiveVersion = 1;
	classes = {
	};
	objectVersion = 56;
	objects = {

/* Begin PBXBuildFile section */
		6133004629A8E350004D9CC7 /* libHWKeyStore.a in Frameworks */ = {isa = PBXBuildFile; fileRef = 61F5335E29A8AB4100624E46 /* libHWKeyStore.a */; };
		6133004D29A8E38B004D9CC7 /* SecureEnclaveKeyTests.swift in Sources */ = {isa = PBXBuildFile; fileRef = 6133004C29A8E38B004D9CC7 /* SecureEnclaveKeyTests.swift */; };
		6133004F29A8E940004D9CC7 /* hw_keystore.udl in Sources */ = {isa = PBXBuildFile; fileRef = 6133003C29A8E2DE004D9CC7 /* hw_keystore.udl */; };
		6150E5EF29A8B7980036E736 /* KeyStore.swift in Sources */ = {isa = PBXBuildFile; fileRef = 6150E5EE29A8B7980036E736 /* KeyStore.swift */; };
		6150E5F129A8B7E60036E736 /* AsymmetricKey.swift in Sources */ = {isa = PBXBuildFile; fileRef = 6150E5F029A8B7E60036E736 /* AsymmetricKey.swift */; };
		6150E5F429A8BA540036E736 /* SecureEnclaveKey.swift in Sources */ = {isa = PBXBuildFile; fileRef = 6150E5F329A8BA540036E736 /* SecureEnclaveKey.swift */; };
		61D577BA29A8FD7C00030578 /* AppDelegate.swift in Sources */ = {isa = PBXBuildFile; fileRef = 61D577B929A8FD7C00030578 /* AppDelegate.swift */; };
		61D577BE29A8FD7C00030578 /* ViewController.swift in Sources */ = {isa = PBXBuildFile; fileRef = 61D577BD29A8FD7C00030578 /* ViewController.swift */; };
		61F5336229A8AB4100624E46 /* HWKeyStore.swift in Sources */ = {isa = PBXBuildFile; fileRef = 61F5336129A8AB4100624E46 /* HWKeyStore.swift */; };
/* End PBXBuildFile section */

/* Begin PBXBuildRule section */
		6150E5EB29A8B5040036E736 /* PBXBuildRule */ = {
			isa = PBXBuildRule;
			compilerSpec = com.apple.compilers.proxy.script;
			filePatterns = "*.udl";
			fileType = pattern.proxy;
			inputFiles = (
			);
			isEditable = 1;
			outputFiles = (
				"$(PROJECT_DIR)/../swift/$(INPUT_FILE_BASE).swift",
				"$(PROJECT_DIR)/../swift/$(INPUT_FILE_BASE)FFI.h",
			);
			runOncePerArchitecture = 0;
			script = "if [ \"$CARGO_XCODE_TARGET_OS\" != \"darwin\" ]; then\n    PATH=\"${PATH/\\/Contents\\/Developer\\/Toolchains\\/XcodeDefault.xctoolchain\\/usr\\/bin}\"\nfi\n\nPATH=\"$PATH:/opt/homebrew/bin\"\n\n\"$PROJECT_DIR/../generate_native_bindings.sh\" swift\n";
		};
/* End PBXBuildRule section */

/* Begin PBXContainerItemProxy section */
		6133004729A8E350004D9CC7 /* PBXContainerItemProxy */ = {
			isa = PBXContainerItemProxy;
			containerPortal = 61F5335629A8AB4100624E46 /* Project object */;
			proxyType = 1;
			remoteGlobalIDString = 61F5335D29A8AB4100624E46;
			remoteInfo = HWKeyStore;
		};
		61D577CB29A8FF3600030578 /* PBXContainerItemProxy */ = {
			isa = PBXContainerItemProxy;
			containerPortal = 61F5335629A8AB4100624E46 /* Project object */;
			proxyType = 1;
			remoteGlobalIDString = 61D577B629A8FD7C00030578;
			remoteInfo = "HWKeyStore Integration Tests Hosts App";
		};
/* End PBXContainerItemProxy section */

/* Begin PBXCopyFilesBuildPhase section */
		61F5335C29A8AB4100624E46 /* CopyFiles */ = {
			isa = PBXCopyFilesBuildPhase;
			buildActionMask = 2147483647;
			dstPath = "include/$(PRODUCT_NAME)";
			dstSubfolderSpec = 16;
			files = (
			);
			runOnlyForDeploymentPostprocessing = 0;
		};
/* End PBXCopyFilesBuildPhase section */

/* Begin PBXFileReference section */
		6133003C29A8E2DE004D9CC7 /* hw_keystore.udl */ = {isa = PBXFileReference; lastKnownFileType = text; name = hw_keystore.udl; path = ../../udl/hw_keystore.udl; sourceTree = "<group>"; };
		6133004229A8E350004D9CC7 /* HWKeyStore Integration Tests.xctest */ = {isa = PBXFileReference; explicitFileType = wrapper.cfbundle; includeInIndex = 0; path = "HWKeyStore Integration Tests.xctest"; sourceTree = BUILT_PRODUCTS_DIR; };
		6133004C29A8E38B004D9CC7 /* SecureEnclaveKeyTests.swift */ = {isa = PBXFileReference; lastKnownFileType = sourcecode.swift; path = SecureEnclaveKeyTests.swift; sourceTree = "<group>"; };
		6133005729A8EC35004D9CC7 /* hw_keystore.swift */ = {isa = PBXFileReference; lastKnownFileType = sourcecode.swift; name = hw_keystore.swift; path = ../../swift/hw_keystore.swift; sourceTree = "<group>"; };
		6133005829A8EC35004D9CC7 /* hw_keystoreFFI.h */ = {isa = PBXFileReference; lastKnownFileType = sourcecode.c.h; name = hw_keystoreFFI.h; path = ../../swift/hw_keystoreFFI.h; sourceTree = "<group>"; };
		6150E5E829A8B0140036E736 /* HWKeyStore-Bridging-Header.h */ = {isa = PBXFileReference; lastKnownFileType = sourcecode.c.h; path = "HWKeyStore-Bridging-Header.h"; sourceTree = "<group>"; };
		6150E5EE29A8B7980036E736 /* KeyStore.swift */ = {isa = PBXFileReference; lastKnownFileType = sourcecode.swift; path = KeyStore.swift; sourceTree = "<group>"; };
		6150E5F029A8B7E60036E736 /* AsymmetricKey.swift */ = {isa = PBXFileReference; lastKnownFileType = sourcecode.swift; path = AsymmetricKey.swift; sourceTree = "<group>"; };
		6150E5F329A8BA540036E736 /* SecureEnclaveKey.swift */ = {isa = PBXFileReference; lastKnownFileType = sourcecode.swift; path = SecureEnclaveKey.swift; sourceTree = "<group>"; };
		61D577B729A8FD7C00030578 /* HWKeyStore Integration Tests Hosts App.app */ = {isa = PBXFileReference; explicitFileType = wrapper.application; includeInIndex = 0; path = "HWKeyStore Integration Tests Hosts App.app"; sourceTree = BUILT_PRODUCTS_DIR; };
		61D577B929A8FD7C00030578 /* AppDelegate.swift */ = {isa = PBXFileReference; lastKnownFileType = sourcecode.swift; path = AppDelegate.swift; sourceTree = "<group>"; };
		61D577BD29A8FD7C00030578 /* ViewController.swift */ = {isa = PBXFileReference; lastKnownFileType = sourcecode.swift; path = ViewController.swift; sourceTree = "<group>"; };
		61D577C729A8FD7C00030578 /* Info.plist */ = {isa = PBXFileReference; lastKnownFileType = text.plist.xml; path = Info.plist; sourceTree = "<group>"; };
		61F5335E29A8AB4100624E46 /* libHWKeyStore.a */ = {isa = PBXFileReference; explicitFileType = archive.ar; includeInIndex = 0; path = libHWKeyStore.a; sourceTree = BUILT_PRODUCTS_DIR; };
		61F5336129A8AB4100624E46 /* HWKeyStore.swift */ = {isa = PBXFileReference; lastKnownFileType = sourcecode.swift; path = HWKeyStore.swift; sourceTree = "<group>"; };
/* End PBXFileReference section */

/* Begin PBXFrameworksBuildPhase section */
		6133003F29A8E350004D9CC7 /* Frameworks */ = {
			isa = PBXFrameworksBuildPhase;
			buildActionMask = 2147483647;
			files = (
				6133004629A8E350004D9CC7 /* libHWKeyStore.a in Frameworks */,
			);
			runOnlyForDeploymentPostprocessing = 0;
		};
		61D577B429A8FD7C00030578 /* Frameworks */ = {
			isa = PBXFrameworksBuildPhase;
			buildActionMask = 2147483647;
			files = (
			);
			runOnlyForDeploymentPostprocessing = 0;
		};
		61F5335B29A8AB4100624E46 /* Frameworks */ = {
			isa = PBXFrameworksBuildPhase;
			buildActionMask = 2147483647;
			files = (
			);
			runOnlyForDeploymentPostprocessing = 0;
		};
/* End PBXFrameworksBuildPhase section */

/* Begin PBXGroup section */
		6133003B29A8E2CA004D9CC7 /* UDL */ = {
			isa = PBXGroup;
			children = (
				6133003C29A8E2DE004D9CC7 /* hw_keystore.udl */,
			);
			name = UDL;
			sourceTree = "<group>";
		};
		6133004329A8E350004D9CC7 /* HWKeyStore Integration Tests */ = {
			isa = PBXGroup;
			children = (
				6133004C29A8E38B004D9CC7 /* SecureEnclaveKeyTests.swift */,
			);
			path = "HWKeyStore Integration Tests";
			sourceTree = "<group>";
		};
		6133005629A8EB6A004D9CC7 /* Rust Bindings */ = {
			isa = PBXGroup;
			children = (
				6133005729A8EC35004D9CC7 /* hw_keystore.swift */,
				6133005829A8EC35004D9CC7 /* hw_keystoreFFI.h */,
			);
			name = "Rust Bindings";
			sourceTree = "<group>";
		};
		6150E5ED29A8B7870036E736 /* Bridge */ = {
			isa = PBXGroup;
			children = (
				6150E5F029A8B7E60036E736 /* AsymmetricKey.swift */,
				6150E5EE29A8B7980036E736 /* KeyStore.swift */,
			);
			path = Bridge;
			sourceTree = "<group>";
		};
		6150E5F229A8BA450036E736 /* SecureEnclaveKey */ = {
			isa = PBXGroup;
			children = (
				6150E5F329A8BA540036E736 /* SecureEnclaveKey.swift */,
			);
			path = SecureEnclaveKey;
			sourceTree = "<group>";
		};
		61D577B829A8FD7C00030578 /* HWKeyStore Integration Tests Hosts App */ = {
			isa = PBXGroup;
			children = (
				61D577B929A8FD7C00030578 /* AppDelegate.swift */,
				61D577C729A8FD7C00030578 /* Info.plist */,
				61D577BD29A8FD7C00030578 /* ViewController.swift */,
			);
			path = "HWKeyStore Integration Tests Hosts App";
			sourceTree = "<group>";
		};
		61F5335529A8AB4100624E46 = {
			isa = PBXGroup;
			children = (
				61F5336029A8AB4100624E46 /* HWKeyStore */,
				6133004329A8E350004D9CC7 /* HWKeyStore Integration Tests */,
				61D577B829A8FD7C00030578 /* HWKeyStore Integration Tests Hosts App */,
				61F5335F29A8AB4100624E46 /* Products */,
			);
			sourceTree = "<group>";
		};
		61F5335F29A8AB4100624E46 /* Products */ = {
			isa = PBXGroup;
			children = (
				61F5335E29A8AB4100624E46 /* libHWKeyStore.a */,
				6133004229A8E350004D9CC7 /* HWKeyStore Integration Tests.xctest */,
				61D577B729A8FD7C00030578 /* HWKeyStore Integration Tests Hosts App.app */,
			);
			name = Products;
			sourceTree = "<group>";
		};
		61F5336029A8AB4100624E46 /* HWKeyStore */ = {
			isa = PBXGroup;
			children = (
				6150E5ED29A8B7870036E736 /* Bridge */,
				6150E5E829A8B0140036E736 /* HWKeyStore-Bridging-Header.h */,
				61F5336129A8AB4100624E46 /* HWKeyStore.swift */,
				6133005629A8EB6A004D9CC7 /* Rust Bindings */,
				6150E5F229A8BA450036E736 /* SecureEnclaveKey */,
				6133003B29A8E2CA004D9CC7 /* UDL */,
			);
			path = HWKeyStore;
			sourceTree = "<group>";
		};
/* End PBXGroup section */

/* Begin PBXNativeTarget section */
		6133004129A8E350004D9CC7 /* HWKeyStore Integration Tests */ = {
			isa = PBXNativeTarget;
			buildConfigurationList = 6133004929A8E350004D9CC7 /* Build configuration list for PBXNativeTarget "HWKeyStore Integration Tests" */;
			buildPhases = (
				6133003E29A8E350004D9CC7 /* Sources */,
				6133003F29A8E350004D9CC7 /* Frameworks */,
				6133004029A8E350004D9CC7 /* Resources */,
			);
			buildRules = (
			);
			dependencies = (
				6133004829A8E350004D9CC7 /* PBXTargetDependency */,
				61D577CC29A8FF3600030578 /* PBXTargetDependency */,
			);
			name = "HWKeyStore Integration Tests";
			productName = "Integration Tests";
			productReference = 6133004229A8E350004D9CC7 /* HWKeyStore Integration Tests.xctest */;
			productType = "com.apple.product-type.bundle.unit-test";
		};
		61D577B629A8FD7C00030578 /* HWKeyStore Integration Tests Hosts App */ = {
			isa = PBXNativeTarget;
			buildConfigurationList = 61D577C829A8FD7C00030578 /* Build configuration list for PBXNativeTarget "HWKeyStore Integration Tests Hosts App" */;
			buildPhases = (
				61D577B329A8FD7C00030578 /* Sources */,
				61D577B429A8FD7C00030578 /* Frameworks */,
				61D577B529A8FD7C00030578 /* Resources */,
			);
			buildRules = (
			);
			dependencies = (
			);
			name = "HWKeyStore Integration Tests Hosts App";
			productName = "HWKeyStore Integration Tests Hosts App";
			productReference = 61D577B729A8FD7C00030578 /* HWKeyStore Integration Tests Hosts App.app */;
			productType = "com.apple.product-type.application";
		};
		61F5335D29A8AB4100624E46 /* HWKeyStore */ = {
			isa = PBXNativeTarget;
			buildConfigurationList = 61F5336529A8AB4100624E46 /* Build configuration list for PBXNativeTarget "HWKeyStore" */;
			buildPhases = (
				61F5335A29A8AB4100624E46 /* Sources */,
				61F5335B29A8AB4100624E46 /* Frameworks */,
				61F5335C29A8AB4100624E46 /* CopyFiles */,
			);
			buildRules = (
				6150E5EB29A8B5040036E736 /* PBXBuildRule */,
			);
			dependencies = (
			);
			name = HWKeyStore;
			productName = HWKeyStore;
			productReference = 61F5335E29A8AB4100624E46 /* libHWKeyStore.a */;
			productType = "com.apple.product-type.library.static";
		};
/* End PBXNativeTarget section */

/* Begin PBXProject section */
		61F5335629A8AB4100624E46 /* Project object */ = {
			isa = PBXProject;
			attributes = {
				BuildIndependentTargetsInParallel = 1;
				LastSwiftUpdateCheck = 1420;
				LastUpgradeCheck = 1420;
				TargetAttributes = {
					6133004129A8E350004D9CC7 = {
						CreatedOnToolsVersion = 14.2;
						TestTargetID = 61D577B629A8FD7C00030578;
					};
					61D577B629A8FD7C00030578 = {
						CreatedOnToolsVersion = 14.2;
					};
					61F5335D29A8AB4100624E46 = {
						CreatedOnToolsVersion = 14.2;
					};
				};
			};
			buildConfigurationList = 61F5335929A8AB4100624E46 /* Build configuration list for PBXProject "HWKeyStore" */;
			compatibilityVersion = "Xcode 14.0";
			developmentRegion = en;
			hasScannedForEncodings = 0;
			knownRegions = (
				en,
				Base,
			);
			mainGroup = 61F5335529A8AB4100624E46;
			productRefGroup = 61F5335F29A8AB4100624E46 /* Products */;
			projectDirPath = "";
			projectRoot = "";
			targets = (
				61F5335D29A8AB4100624E46 /* HWKeyStore */,
				6133004129A8E350004D9CC7 /* HWKeyStore Integration Tests */,
				61D577B629A8FD7C00030578 /* HWKeyStore Integration Tests Hosts App */,
			);
		};
/* End PBXProject section */

/* Begin PBXResourcesBuildPhase section */
		6133004029A8E350004D9CC7 /* Resources */ = {
			isa = PBXResourcesBuildPhase;
			buildActionMask = 2147483647;
			files = (
			);
			runOnlyForDeploymentPostprocessing = 0;
		};
		61D577B529A8FD7C00030578 /* Resources */ = {
			isa = PBXResourcesBuildPhase;
			buildActionMask = 2147483647;
			files = (
			);
			runOnlyForDeploymentPostprocessing = 0;
		};
/* End PBXResourcesBuildPhase section */

/* Begin PBXSourcesBuildPhase section */
		6133003E29A8E350004D9CC7 /* Sources */ = {
			isa = PBXSourcesBuildPhase;
			buildActionMask = 2147483647;
			files = (
				6133004D29A8E38B004D9CC7 /* SecureEnclaveKeyTests.swift in Sources */,
			);
			runOnlyForDeploymentPostprocessing = 0;
		};
		61D577B329A8FD7C00030578 /* Sources */ = {
			isa = PBXSourcesBuildPhase;
			buildActionMask = 2147483647;
			files = (
				61D577BE29A8FD7C00030578 /* ViewController.swift in Sources */,
				61D577BA29A8FD7C00030578 /* AppDelegate.swift in Sources */,
			);
			runOnlyForDeploymentPostprocessing = 0;
		};
		61F5335A29A8AB4100624E46 /* Sources */ = {
			isa = PBXSourcesBuildPhase;
			buildActionMask = 2147483647;
			files = (
				6133004F29A8E940004D9CC7 /* hw_keystore.udl in Sources */,
				6150E5F129A8B7E60036E736 /* AsymmetricKey.swift in Sources */,
				6150E5EF29A8B7980036E736 /* KeyStore.swift in Sources */,
				61F5336229A8AB4100624E46 /* HWKeyStore.swift in Sources */,
				6150E5F429A8BA540036E736 /* SecureEnclaveKey.swift in Sources */,
			);
			runOnlyForDeploymentPostprocessing = 0;
		};
/* End PBXSourcesBuildPhase section */

/* Begin PBXTargetDependency section */
		6133004829A8E350004D9CC7 /* PBXTargetDependency */ = {
			isa = PBXTargetDependency;
			target = 61F5335D29A8AB4100624E46 /* HWKeyStore */;
			targetProxy = 6133004729A8E350004D9CC7 /* PBXContainerItemProxy */;
		};
		61D577CC29A8FF3600030578 /* PBXTargetDependency */ = {
			isa = PBXTargetDependency;
			target = 61D577B629A8FD7C00030578 /* HWKeyStore Integration Tests Hosts App */;
			targetProxy = 61D577CB29A8FF3600030578 /* PBXContainerItemProxy */;
		};
/* End PBXTargetDependency section */

/* Begin XCBuildConfiguration section */
		6133004A29A8E350004D9CC7 /* Debug */ = {
			isa = XCBuildConfiguration;
			buildSettings = {
				CODE_SIGN_STYLE = Manual;
				CURRENT_PROJECT_VERSION = 1;
				GENERATE_INFOPLIST_FILE = YES;
				IPHONEOS_DEPLOYMENT_TARGET = 11.0;
				MARKETING_VERSION = 1.0;
				PRODUCT_BUNDLE_IDENTIFIER = "nl.rijksoverheid.edi.wallet.hw-keystore.integration-tests";
				PRODUCT_NAME = "$(TARGET_NAME)";
				SUPPORTED_PLATFORMS = "iphoneos iphonesimulator";
				SUPPORTS_MACCATALYST = NO;
				SUPPORTS_MAC_DESIGNED_FOR_IPHONE_IPAD = YES;
				SWIFT_EMIT_LOC_STRINGS = NO;
				SWIFT_VERSION = 5.0;
				TARGETED_DEVICE_FAMILY = "1,2";
				TEST_HOST = "$(BUILT_PRODUCTS_DIR)/HWKeyStore Integration Tests Hosts App.app/$(BUNDLE_EXECUTABLE_FOLDER_PATH)/HWKeyStore Integration Tests Hosts App";
			};
			name = Debug;
		};
		6133004B29A8E350004D9CC7 /* Release */ = {
			isa = XCBuildConfiguration;
			buildSettings = {
				CODE_SIGN_STYLE = Manual;
				CURRENT_PROJECT_VERSION = 1;
				GENERATE_INFOPLIST_FILE = YES;
				IPHONEOS_DEPLOYMENT_TARGET = 11.0;
				MARKETING_VERSION = 1.0;
				PRODUCT_BUNDLE_IDENTIFIER = "nl.rijksoverheid.edi.wallet.hw-keystore.integration-tests";
				PRODUCT_NAME = "$(TARGET_NAME)";
				SUPPORTED_PLATFORMS = "iphoneos iphonesimulator";
				SUPPORTS_MACCATALYST = NO;
				SUPPORTS_MAC_DESIGNED_FOR_IPHONE_IPAD = YES;
				SWIFT_EMIT_LOC_STRINGS = NO;
				SWIFT_VERSION = 5.0;
				TARGETED_DEVICE_FAMILY = "1,2";
				TEST_HOST = "$(BUILT_PRODUCTS_DIR)/HWKeyStore Integration Tests Hosts App.app/$(BUNDLE_EXECUTABLE_FOLDER_PATH)/HWKeyStore Integration Tests Hosts App";
			};
			name = Release;
		};
		61D577C929A8FD7C00030578 /* Debug */ = {
			isa = XCBuildConfiguration;
			buildSettings = {
				CODE_SIGN_STYLE = Manual;
				CURRENT_PROJECT_VERSION = 1;
				GENERATE_INFOPLIST_FILE = YES;
				INFOPLIST_FILE = "HWKeyStore Integration Tests Hosts App/Info.plist";
				INFOPLIST_KEY_UIApplicationSupportsIndirectInputEvents = YES;
				INFOPLIST_KEY_UISupportedInterfaceOrientations_iPad = "UIInterfaceOrientationPortrait UIInterfaceOrientationPortraitUpsideDown UIInterfaceOrientationLandscapeLeft UIInterfaceOrientationLandscapeRight";
				INFOPLIST_KEY_UISupportedInterfaceOrientations_iPhone = "UIInterfaceOrientationPortrait UIInterfaceOrientationLandscapeLeft UIInterfaceOrientationLandscapeRight";
				IPHONEOS_DEPLOYMENT_TARGET = 11.0;
				LD_RUNPATH_SEARCH_PATHS = (
					"$(inherited)",
					"@executable_path/Frameworks",
				);
				MARKETING_VERSION = 1.0;
				PRODUCT_BUNDLE_IDENTIFIER = "nl.rijksoverheid.edi.wallet.hw-keystore.integration-tests-host";
				PRODUCT_NAME = "$(TARGET_NAME)";
				SWIFT_EMIT_LOC_STRINGS = YES;
				SWIFT_VERSION = 5.0;
				TARGETED_DEVICE_FAMILY = "1,2";
			};
			name = Debug;
		};
		61D577CA29A8FD7C00030578 /* Release */ = {
			isa = XCBuildConfiguration;
			buildSettings = {
				CODE_SIGN_STYLE = Manual;
				CURRENT_PROJECT_VERSION = 1;
				GENERATE_INFOPLIST_FILE = YES;
				INFOPLIST_FILE = "HWKeyStore Integration Tests Hosts App/Info.plist";
				INFOPLIST_KEY_UIApplicationSupportsIndirectInputEvents = YES;
				INFOPLIST_KEY_UISupportedInterfaceOrientations_iPad = "UIInterfaceOrientationPortrait UIInterfaceOrientationPortraitUpsideDown UIInterfaceOrientationLandscapeLeft UIInterfaceOrientationLandscapeRight";
				INFOPLIST_KEY_UISupportedInterfaceOrientations_iPhone = "UIInterfaceOrientationPortrait UIInterfaceOrientationLandscapeLeft UIInterfaceOrientationLandscapeRight";
				IPHONEOS_DEPLOYMENT_TARGET = 11.0;
				LD_RUNPATH_SEARCH_PATHS = (
					"$(inherited)",
					"@executable_path/Frameworks",
				);
				MARKETING_VERSION = 1.0;
				PRODUCT_BUNDLE_IDENTIFIER = "nl.rijksoverheid.edi.wallet.hw-keystore.integration-tests-host";
				PRODUCT_NAME = "$(TARGET_NAME)";
				SWIFT_EMIT_LOC_STRINGS = YES;
				SWIFT_VERSION = 5.0;
				TARGETED_DEVICE_FAMILY = "1,2";
			};
			name = Release;
		};
		61F5336329A8AB4100624E46 /* Debug */ = {
			isa = XCBuildConfiguration;
			buildSettings = {
				ALWAYS_SEARCH_USER_PATHS = NO;
				CLANG_ANALYZER_NONNULL = YES;
				CLANG_ANALYZER_NUMBER_OBJECT_CONVERSION = YES_AGGRESSIVE;
				CLANG_CXX_LANGUAGE_STANDARD = "gnu++20";
				CLANG_ENABLE_MODULES = YES;
				CLANG_ENABLE_OBJC_ARC = YES;
				CLANG_ENABLE_OBJC_WEAK = YES;
				CLANG_WARN_BLOCK_CAPTURE_AUTORELEASING = YES;
				CLANG_WARN_BOOL_CONVERSION = YES;
				CLANG_WARN_COMMA = YES;
				CLANG_WARN_CONSTANT_CONVERSION = YES;
				CLANG_WARN_DEPRECATED_OBJC_IMPLEMENTATIONS = YES;
				CLANG_WARN_DIRECT_OBJC_ISA_USAGE = YES_ERROR;
				CLANG_WARN_DOCUMENTATION_COMMENTS = YES;
				CLANG_WARN_EMPTY_BODY = YES;
				CLANG_WARN_ENUM_CONVERSION = YES;
				CLANG_WARN_INFINITE_RECURSION = YES;
				CLANG_WARN_INT_CONVERSION = YES;
				CLANG_WARN_NON_LITERAL_NULL_CONVERSION = YES;
				CLANG_WARN_OBJC_IMPLICIT_RETAIN_SELF = YES;
				CLANG_WARN_OBJC_LITERAL_CONVERSION = YES;
				CLANG_WARN_OBJC_ROOT_CLASS = YES_ERROR;
				CLANG_WARN_QUOTED_INCLUDE_IN_FRAMEWORK_HEADER = YES;
				CLANG_WARN_RANGE_LOOP_ANALYSIS = YES;
				CLANG_WARN_STRICT_PROTOTYPES = YES;
				CLANG_WARN_SUSPICIOUS_MOVE = YES;
				CLANG_WARN_UNGUARDED_AVAILABILITY = YES_AGGRESSIVE;
				CLANG_WARN_UNREACHABLE_CODE = YES;
				CLANG_WARN__DUPLICATE_METHOD_MATCH = YES;
				COPY_PHASE_STRIP = NO;
				DEBUG_INFORMATION_FORMAT = dwarf;
				ENABLE_STRICT_OBJC_MSGSEND = YES;
				ENABLE_TESTABILITY = YES;
				GCC_C_LANGUAGE_STANDARD = gnu11;
				GCC_DYNAMIC_NO_PIC = NO;
				GCC_NO_COMMON_BLOCKS = YES;
				GCC_OPTIMIZATION_LEVEL = 0;
				GCC_PREPROCESSOR_DEFINITIONS = (
					"DEBUG=1",
					"$(inherited)",
				);
				GCC_WARN_64_TO_32_BIT_CONVERSION = YES;
				GCC_WARN_ABOUT_RETURN_TYPE = YES_ERROR;
				GCC_WARN_UNDECLARED_SELECTOR = YES;
				GCC_WARN_UNINITIALIZED_AUTOS = YES_AGGRESSIVE;
				GCC_WARN_UNUSED_FUNCTION = YES;
				GCC_WARN_UNUSED_VARIABLE = YES;
				IPHONEOS_DEPLOYMENT_TARGET = 11.0;
				MTL_ENABLE_DEBUG_INFO = INCLUDE_SOURCE;
				MTL_FAST_MATH = YES;
				ONLY_ACTIVE_ARCH = YES;
				SDKROOT = iphoneos;
				SWIFT_ACTIVE_COMPILATION_CONDITIONS = DEBUG;
				SWIFT_OPTIMIZATION_LEVEL = "-Onone";
			};
			name = Debug;
		};
		61F5336429A8AB4100624E46 /* Release */ = {
			isa = XCBuildConfiguration;
			buildSettings = {
				ALWAYS_SEARCH_USER_PATHS = NO;
				CLANG_ANALYZER_NONNULL = YES;
				CLANG_ANALYZER_NUMBER_OBJECT_CONVERSION = YES_AGGRESSIVE;
				CLANG_CXX_LANGUAGE_STANDARD = "gnu++20";
				CLANG_ENABLE_MODULES = YES;
				CLANG_ENABLE_OBJC_ARC = YES;
				CLANG_ENABLE_OBJC_WEAK = YES;
				CLANG_WARN_BLOCK_CAPTURE_AUTORELEASING = YES;
				CLANG_WARN_BOOL_CONVERSION = YES;
				CLANG_WARN_COMMA = YES;
				CLANG_WARN_CONSTANT_CONVERSION = YES;
				CLANG_WARN_DEPRECATED_OBJC_IMPLEMENTATIONS = YES;
				CLANG_WARN_DIRECT_OBJC_ISA_USAGE = YES_ERROR;
				CLANG_WARN_DOCUMENTATION_COMMENTS = YES;
				CLANG_WARN_EMPTY_BODY = YES;
				CLANG_WARN_ENUM_CONVERSION = YES;
				CLANG_WARN_INFINITE_RECURSION = YES;
				CLANG_WARN_INT_CONVERSION = YES;
				CLANG_WARN_NON_LITERAL_NULL_CONVERSION = YES;
				CLANG_WARN_OBJC_IMPLICIT_RETAIN_SELF = YES;
				CLANG_WARN_OBJC_LITERAL_CONVERSION = YES;
				CLANG_WARN_OBJC_ROOT_CLASS = YES_ERROR;
				CLANG_WARN_QUOTED_INCLUDE_IN_FRAMEWORK_HEADER = YES;
				CLANG_WARN_RANGE_LOOP_ANALYSIS = YES;
				CLANG_WARN_STRICT_PROTOTYPES = YES;
				CLANG_WARN_SUSPICIOUS_MOVE = YES;
				CLANG_WARN_UNGUARDED_AVAILABILITY = YES_AGGRESSIVE;
				CLANG_WARN_UNREACHABLE_CODE = YES;
				CLANG_WARN__DUPLICATE_METHOD_MATCH = YES;
				COPY_PHASE_STRIP = NO;
				DEBUG_INFORMATION_FORMAT = "dwarf-with-dsym";
				ENABLE_NS_ASSERTIONS = NO;
				ENABLE_STRICT_OBJC_MSGSEND = YES;
				GCC_C_LANGUAGE_STANDARD = gnu11;
				GCC_NO_COMMON_BLOCKS = YES;
				GCC_WARN_64_TO_32_BIT_CONVERSION = YES;
				GCC_WARN_ABOUT_RETURN_TYPE = YES_ERROR;
				GCC_WARN_UNDECLARED_SELECTOR = YES;
				GCC_WARN_UNINITIALIZED_AUTOS = YES_AGGRESSIVE;
				GCC_WARN_UNUSED_FUNCTION = YES;
				GCC_WARN_UNUSED_VARIABLE = YES;
				IPHONEOS_DEPLOYMENT_TARGET = 11.0;
				MTL_ENABLE_DEBUG_INFO = NO;
				MTL_FAST_MATH = YES;
				SDKROOT = iphoneos;
				SWIFT_COMPILATION_MODE = wholemodule;
				SWIFT_OPTIMIZATION_LEVEL = "-O";
				VALIDATE_PRODUCT = YES;
			};
			name = Release;
		};
		61F5336629A8AB4100624E46 /* Debug */ = {
			isa = XCBuildConfiguration;
			buildSettings = {
				CODE_SIGN_STYLE = Manual;
				OTHER_LDFLAGS = "-ObjC";
				PRODUCT_NAME = "$(TARGET_NAME)";
				SKIP_INSTALL = YES;
				SWIFT_OBJC_BRIDGING_HEADER = "HWKeyStore/HWKeyStore-Bridging-Header.h";
				SWIFT_VERSION = 5.0;
				TARGETED_DEVICE_FAMILY = "1,2";
			};
			name = Debug;
		};
		61F5336729A8AB4100624E46 /* Release */ = {
			isa = XCBuildConfiguration;
			buildSettings = {
				CODE_SIGN_STYLE = Manual;
				OTHER_LDFLAGS = "-ObjC";
				PRODUCT_NAME = "$(TARGET_NAME)";
				SKIP_INSTALL = YES;
				SWIFT_OBJC_BRIDGING_HEADER = "HWKeyStore/HWKeyStore-Bridging-Header.h";
				SWIFT_VERSION = 5.0;
				TARGETED_DEVICE_FAMILY = "1,2";
			};
			name = Release;
		};
/* End XCBuildConfiguration section */

/* Begin XCConfigurationList section */
		6133004929A8E350004D9CC7 /* Build configuration list for PBXNativeTarget "HWKeyStore Integration Tests" */ = {
			isa = XCConfigurationList;
			buildConfigurations = (
				6133004A29A8E350004D9CC7 /* Debug */,
				6133004B29A8E350004D9CC7 /* Release */,
			);
			defaultConfigurationIsVisible = 0;
			defaultConfigurationName = Release;
		};
		61D577C829A8FD7C00030578 /* Build configuration list for PBXNativeTarget "HWKeyStore Integration Tests Hosts App" */ = {
			isa = XCConfigurationList;
			buildConfigurations = (
				61D577C929A8FD7C00030578 /* Debug */,
				61D577CA29A8FD7C00030578 /* Release */,
			);
			defaultConfigurationIsVisible = 0;
			defaultConfigurationName = Release;
		};
		61F5335929A8AB4100624E46 /* Build configuration list for PBXProject "HWKeyStore" */ = {
			isa = XCConfigurationList;
			buildConfigurations = (
				61F5336329A8AB4100624E46 /* Debug */,
				61F5336429A8AB4100624E46 /* Release */,
			);
			defaultConfigurationIsVisible = 0;
			defaultConfigurationName = Release;
		};
		61F5336529A8AB4100624E46 /* Build configuration list for PBXNativeTarget "HWKeyStore" */ = {
			isa = XCConfigurationList;
			buildConfigurations = (
				61F5336629A8AB4100624E46 /* Debug */,
				61F5336729A8AB4100624E46 /* Release */,
			);
			defaultConfigurationIsVisible = 0;
			defaultConfigurationName = Release;
		};
/* End XCConfigurationList section */
	};
	rootObject = 61F5335629A8AB4100624E46 /* Project object */;
}
