PODS:
  - Flutter (1.0.0)
  - IOSSecuritySuite (1.9.10)
  - root_jailbreak_sniffer (1.1.4):
    - Flutter
    - IOSSecuritySuite (~> 1.9.10)
  - store_redirect (0.0.1):
    - Flutter
  - workmanager_apple (0.0.1):
    - Flutter

DEPENDENCIES:
  - Flutter (from `Flutter`)
  - IOSSecuritySuite (= 1.9.10)
  - root_jailbreak_sniffer (from `.symlinks/plugins/root_jailbreak_sniffer/ios`)
  - store_redirect (from `.symlinks/plugins/store_redirect/ios`)
  - workmanager_apple (from `.symlinks/plugins/workmanager_apple/ios`)

SPEC REPOS:
  trunk:
    - IOSSecuritySuite

EXTERNAL SOURCES:
  Flutter:
    :path: Flutter
  root_jailbreak_sniffer:
    :path: ".symlinks/plugins/root_jailbreak_sniffer/ios"
  store_redirect:
    :path: ".symlinks/plugins/store_redirect/ios"
  workmanager_apple:
    :path: ".symlinks/plugins/workmanager_apple/ios"

SPEC CHECKSUMS:
  Flutter: cabc95a1d2626b1b06e7179b784ebcf0c0cde467
  IOSSecuritySuite: e764318117aabd1f894cbdfc5ac013a59352953d
  root_jailbreak_sniffer: ddaf19e879b5042d74ea446cac763feb35925204
  store_redirect: 55fd455802ceab09803b2df6e68f19a58815266a
  workmanager_apple: 904529ae31e97fc5be632cf628507652294a0778

PODFILE CHECKSUM: 335d088304ccf48d994b5d4212b809d4aef43a73

COCOAPODS: 1.16.2
